
Microsoft Visual Studio Solution File, Format Version 12.00
# Visual Studio 2013
VisualStudioVersion = 12.0.31101.0
MinimumVisualStudioVersion = 10.0.40219.1
Project("{8BC9CEB8-8B4A-11D0-8D11-00A0C91BC942}") = "気圧変換ツール", "気圧変換ツール\気圧変換ツール.vcxproj", "{257DB7B4-D8B8-4360-9B6E-9D91A49385BB}"
EndProject
Global
	GlobalSection(SolutionConfigurationPlatforms) = preSolution
		Debug|Win32 = Debug|Win32
		Release|Win32 = Release|Win32
	EndGlobalSection
	GlobalSection(ProjectConfigurationPlatforms) = postSolution
		{257DB7B4-D8B8-4360-9B6E-9D91A49385BB}.Debug|Win32.ActiveCfg = Debug|Win32
		{257DB7B4-D8B8-4360-9B6E-9D91A49385BB}.Debug|Win32.Build.0 = Debug|Win32
		{257DB7B4-D8B8-4360-9B6E-9D91A49385BB}.Release|Win32.ActiveCfg = Release|Win32
		{257DB7B4-D8B8-4360-9B6E-9D91A49385BB}.Release|Win32.Build.0 = Release|Win32
	EndGlobalSection
	GlobalSection(SolutionProperties) = preSolution
		HideSolutionNode = FALSE
	EndGlobalSection
EndGlobal
